
Microsoft Visual Studio Solution File, Format Version 12.00
# Visual Studio 15
VisualStudioVersion = 15.0.27428.2005
MinimumVisualStudioVersion = 10.0.40219.1
Project("{FAE04EC0-301F-11D3-BF4B-00C04F79EFBC}") = "TestServer.Core", "TestServer.Core\TestServer.Core.csproj", "{17BE2F67-C7A9-47B2-B089-54B8B0CA0686}"
EndProject
Project("{FAE04EC0-301F-11D3-BF4B-00C04F79EFBC}") = "TestServer.Test", "TestServer.Test\TestServer.Test.csproj", "{EB643EA2-545E-4D93-82F2-267A526DCCC7}"
EndProject
Global
	GlobalSection(SolutionConfigurationPlatforms) = preSolution
		Debug|Any CPU = Debug|Any CPU
		Release|Any CPU = Release|Any CPU
	EndGlobalSection
	GlobalSection(ProjectConfigurationPlatforms) = postSolution
		{17BE2F67-C7A9-47B2-B089-54B8B0CA0686}.Debug|Any CPU.ActiveCfg = Debug|Any CPU
		{17BE2F67-C7A9-47B2-B089-54B8B0CA0686}.Debug|Any CPU.Build.0 = Debug|Any CPU
		{17BE2F67-C7A9-47B2-B089-54B8B0CA0686}.Release|Any CPU.ActiveCfg = Release|Any CPU
		{17BE2F67-C7A9-47B2-B089-54B8B0CA0686}.Release|Any CPU.Build.0 = Release|Any CPU
		{EB643EA2-545E-4D93-82F2-267A526DCCC7}.Debug|Any CPU.ActiveCfg = Debug|Any CPU
		{EB643EA2-545E-4D93-82F2-267A526DCCC7}.Debug|Any CPU.Build.0 = Debug|Any CPU
		{EB643EA2-545E-4D93-82F2-267A526DCCC7}.Release|Any CPU.ActiveCfg = Release|Any CPU
		{EB643EA2-545E-4D93-82F2-267A526DCCC7}.Release|Any CPU.Build.0 = Release|Any CPU
	EndGlobalSection
	GlobalSection(SolutionProperties) = preSolution
		HideSolutionNode = FALSE
	EndGlobalSection
	GlobalSection(ExtensibilityGlobals) = postSolution
		SolutionGuid = {8B4AEC9E-BDC1-4AC3-B6DF-8B1C09745021}
	EndGlobalSection
EndGlobal
